
Microsoft Visual Studio Solution File, Format Version 12.00
# Visual Studio 15
Project("{FAE04EC0-301F-11D3-BF4B-00C04F79EFBC}") = "Assembly-CSharp", "Assembly-CSharp.csproj", "{BB56ACCF-A20C-3480-F95E-B415F98CD959}"
EndProject
Project("{FAE04EC0-301F-11D3-BF4B-00C04F79EFBC}") = "Assembly-CSharp-Editor", "Assembly-CSharp-Editor.csproj", "{FA19534B-6B76-DD1D-4D5C-36CDFE27D533}"
EndProject
Global
	GlobalSection(SolutionConfigurationPlatforms) = preSolution
		Debug|Any CPU = Debug|Any CPU
		Release|Any CPU = Release|Any CPU
	EndGlobalSection
	GlobalSection(ProjectConfigurationPlatforms) = postSolution
		{BB56ACCF-A20C-3480-F95E-B415F98CD959}.Debug|Any CPU.ActiveCfg = Debug|Any CPU
		{BB56ACCF-A20C-3480-F95E-B415F98CD959}.Debug|Any CPU.Build.0 = Debug|Any CPU
		{BB56ACCF-A20C-3480-F95E-B415F98CD959}.Release|Any CPU.ActiveCfg = Release|Any CPU
		{BB56ACCF-A20C-3480-F95E-B415F98CD959}.Release|Any CPU.Build.0 = Release|Any CPU
		{FA19534B-6B76-DD1D-4D5C-36CDFE27D533}.Debug|Any CPU.ActiveCfg = Debug|Any CPU
		{FA19534B-6B76-DD1D-4D5C-36CDFE27D533}.Debug|Any CPU.Build.0 = Debug|Any CPU
		{FA19534B-6B76-DD1D-4D5C-36CDFE27D533}.Release|Any CPU.ActiveCfg = Release|Any CPU
		{FA19534B-6B76-DD1D-4D5C-36CDFE27D533}.Release|Any CPU.Build.0 = Release|Any CPU
	EndGlobalSection
	GlobalSection(SolutionProperties) = preSolution
		HideSolutionNode = FALSE
	EndGlobalSection
EndGlobal
